<?xml version="1.0" encoding="utf-8"?>
<Project ToolsVersion="4.0" xmlns="http://schemas.microsoft.com/developer/msbuild/2003">
  <ItemGroup>
    <Filter Include="Source Files">
      <UniqueIdentifier>{4FC737F1-C7A5-4376-A066-2A32D752A2FF}</UniqueIdentifier>
      <Extensions>cpp;c;cc;cxx;c++;cppm;ixx;def;odl;idl;hpj;bat;asm;asmx</Extensions>
    </Filter>
    <Filter Include="Header Files">
      <UniqueIdentifier>{93995380-89BD-4b04-88EB-625FBE52EBFB}</UniqueIdentifier>
      <Extensions>h;hh;hpp;hxx;h++;hm;inl;inc;ipp;xsd</Extensions>
    </Filter>
    <Filter Include="Resource Files">
      <UniqueIdentifier>{67DA6AB6-F800-4c08-8B7A-83BB121AAD01}</UniqueIdentifier>
      <Extensions>rc;ico;cur;bmp;dlg;rc2;rct;bin;rgs;gif;jpg;jpeg;jpe;resx;tiff;tif;png;wav;mfcribbon-ms</Extensions>
    </Filter>
    <Filter Include="Header Files\Expressions">
      <UniqueIdentifier>{5ef8f0c3-1fd8-4e07-88b9-4b5000eb261b}</UniqueIdentifier>
    </Filter>
    <Filter Include="Header Files\Expressions\Operators">
      <UniqueIdentifier>{9abf0ed1-dfe0-4d6a-84e7-e527c6c691bc}</UniqueIdentifier>
    </Filter>
    <Filter Include="Source Files\Expressions">
      <UniqueIdentifier>{deaba6de-9809-403e-bd78-e0fd2cf26e88}</UniqueIdentifier>
    </Filter>
    <Filter Include="Source Files\Expressions\Operators">
      <UniqueIdentifier>{75e5beeb-7520-407c-b08e-0e0495f9fc08}</UniqueIdentifier>
    </Filter>
    <Filter Include="Header Files\Expressions\Values">
      <UniqueIdentifier>{db253647-01df-42cf-bee8-4d084e206b2a}</UniqueIdentifier>
    </Filter>
    <Filter Include="Source Files\Expressions\Values">
      <UniqueIdentifier>{46a53bcc-0822-42cc-9f66-3eeb80c52a40}</UniqueIdentifier>
    </Filter>
    <Filter Include="Header Files\Renderers">
      <UniqueIdentifier>{d44b7e69-3dfc-404e-a9d8-027af1f63db2}</UniqueIdentifier>
    </Filter>
    <Filter Include="Source Files\Renderers">
      <UniqueIdentifier>{2378bc43-6ba1-463b-b01f-2ea2dd3ab534}</UniqueIdentifier>
    </Filter>
    <Filter Include="Header Files\UI">
      <UniqueIdentifier>{00e89b60-ee1f-4584-a1ec-f2495b64f38d}</UniqueIdentifier>
    </Filter>
    <Filter Include="Source Files\UI">
      <UniqueIdentifier>{f0c37832-614e-4d1c-a178-c1c3eb7f9bd6}</UniqueIdentifier>
    </Filter>
  </ItemGroup>
  <ItemGroup>
    <ClCompile Include="Main.cpp">
      <Filter>Source Files</Filter>
    </ClCompile>
    <ClCompile Include="Expression.cpp">
      <Filter>Source Files\Expressions</Filter>
    </ClCompile>
    <ClCompile Include="Divide.cpp">
      <Filter>Source Files\Expressions\Operators</Filter>
    </ClCompile>
    <ClCompile Include="Subtract.cpp">
      <Filter>Source Files\Expressions\Operators</Filter>
    </ClCompile>
    <ClCompile Include="Plus.cpp">
      <Filter>Source Files\Expressions\Operators</Filter>
    </ClCompile>
    <ClCompile Include="Multiply.cpp">
      <Filter>Source Files\Expressions\Operators</Filter>
    </ClCompile>
    <ClCompile Include="Constant.cpp">
      <Filter>Source Files\Expressions\Values</Filter>
    </ClCompile>
    <ClCompile Include="Value.cpp">
      <Filter>Source Files\Expressions\Values</Filter>
    </ClCompile>
    <ClCompile Include="X.cpp">
      <Filter>Source Files\Expressions\Values</Filter>
    </ClCompile>
    <ClCompile Include="Y.cpp">
      <Filter>Source Files\Expressions\Values</Filter>
    </ClCompile>
    <ClCompile Include="Operator.cpp">
      <Filter>Source Files\Expressions\Operators</Filter>
    </ClCompile>
    <ClCompile Include="ExpressionParser.cpp">
      <Filter>Source Files\Expressions</Filter>
    </ClCompile>
    <ClCompile Include="Program.cpp">
      <Filter>Source Files</Filter>
    </ClCompile>
    <ClCompile Include="Statement.cpp">
      <Filter>Source Files</Filter>
    </ClCompile>
    <ClCompile Include="StatementParser.cpp">
      <Filter>Source Files</Filter>
    </ClCompile>
    <ClCompile Include="Plot.cpp">
      <Filter>Source Files</Filter>
    </ClCompile>
    <ClCompile Include="Rasterizer.cpp">
      <Filter>Source Files</Filter>
    </ClCompile>
    <ClCompile Include="RegionRenderer.cpp">
      <Filter>Source Files\Renderers</Filter>
    </ClCompile>
    <ClCompile Include="Renderer.cpp">
      <Filter>Source Files\Renderers</Filter>
    </ClCompile>
    <ClCompile Include="Exponent.cpp">
      <Filter>Source Files\Expressions\Operators</Filter>
    </ClCompile>
    <ClCompile Include="Absolute.cpp">
      <Filter>Source Files\Expressions\Operators</Filter>
    </ClCompile>
    <ClCompile Include="Interval.cpp">
      <Filter>Source Files</Filter>
    </ClCompile>
    <ClCompile Include="GridRenderer.cpp">
      <Filter>Source Files\Renderers</Filter>
    </ClCompile>
    <ClCompile Include="Widget.cpp">
      <Filter>Source Files\UI</Filter>
    </ClCompile>
    <ClCompile Include="Pane.cpp">
      <Filter>Source Files\UI</Filter>
    </ClCompile>
    <ClCompile Include="Shader.cpp">
      <Filter>Source Files\Renderers</Filter>
    </ClCompile>
    <ClCompile Include="Font.cpp">
      <Filter>Source Files\UI</Filter>
    </ClCompile>
    <ClCompile Include="Label.cpp">
      <Filter>Source Files</Filter>
    </ClCompile>
  </ItemGroup>
  <ItemGroup>
    <ClInclude Include="Expression.h">
      <Filter>Header Files\Expressions</Filter>
    </ClInclude>
    <ClInclude Include="Multiply.h">
      <Filter>Header Files\Expressions\Operators</Filter>
    </ClInclude>
    <ClInclude Include="Subtract.h">
      <Filter>Header Files\Expressions\Operators</Filter>
    </ClInclude>
    <ClInclude Include="Divide.h">
      <Filter>Header Files\Expressions\Operators</Filter>
    </ClInclude>
    <ClInclude Include="Operator.h">
      <Filter>Header Files\Expressions\Operators</Filter>
    </ClInclude>
    <ClInclude Include="Plus.h">
      <Filter>Header Files\Expressions\Operators</Filter>
    </ClInclude>
    <ClInclude Include="Value.h">
      <Filter>Header Files\Expressions\Values</Filter>
    </ClInclude>
    <ClInclude Include="X.h">
      <Filter>Header Files\Expressions\Values</Filter>
    </ClInclude>
    <ClInclude Include="Y.h">
      <Filter>Header Files\Expressions\Values</Filter>
    </ClInclude>
    <ClInclude Include="Constant.h">
      <Filter>Header Files\Expressions\Values</Filter>
    </ClInclude>
    <ClInclude Include="ExpressionParser.h">
      <Filter>Header Files\Expressions</Filter>
    </ClInclude>
    <ClInclude Include="Program.h">
      <Filter>Header Files</Filter>
    </ClInclude>
    <ClInclude Include="Statement.h">
      <Filter>Header Files</Filter>
    </ClInclude>
    <ClInclude Include="StatementParser.h">
      <Filter>Header Files</Filter>
    </ClInclude>
    <ClInclude Include="Plot.h">
      <Filter>Header Files</Filter>
    </ClInclude>
    <ClInclude Include="Rasterizer.h">
      <Filter>Header Files</Filter>
    </ClInclude>
    <ClInclude Include="Renderer.h">
      <Filter>Header Files\Renderers</Filter>
    </ClInclude>
    <ClInclude Include="RegionRenderer.h">
      <Filter>Header Files\Renderers</Filter>
    </ClInclude>
    <ClInclude Include="Exponent.h">
      <Filter>Header Files\Expressions\Operators</Filter>
    </ClInclude>
    <ClInclude Include="Absolute.h">
      <Filter>Header Files\Expressions\Operators</Filter>
    </ClInclude>
    <ClInclude Include="Interval.h">
      <Filter>Header Files</Filter>
    </ClInclude>
    <ClInclude Include="GridRenderer.h">
      <Filter>Header Files\Renderers</Filter>
    </ClInclude>
    <ClInclude Include="Widget.h">
      <Filter>Header Files\UI</Filter>
    </ClInclude>
    <ClInclude Include="Pane.h">
      <Filter>Header Files\UI</Filter>
    </ClInclude>
    <ClInclude Include="Shader.h">
      <Filter>Header Files\Renderers</Filter>
    </ClInclude>
    <ClInclude Include="Font.h">
      <Filter>Header Files\UI</Filter>
    </ClInclude>
    <ClInclude Include="Label.h">
      <Filter>Header Files</Filter>
    </ClInclude>
  </ItemGroup>
  <ItemGroup>
    <None Include="shaders\region.frag" />
    <None Include="shaders\region.vert" />
    <None Include="shaders\line.frag" />
    <None Include="shaders\line.vert" />
    <None Include="shaders\grid.frag" />
    <None Include="shaders\grid.vert" />
    <None Include="shaders\pane.frag" />
    <None Include="shaders\pane.vert" />
    <None Include="shaders\label.frag" />
    <None Include="shaders\label.vert" />
  </ItemGroup>
</Project>